// !$*UTF8*$!
{
	archiveVersion = 1;
	classes = {
	};
	objectVersion = 46;
	objects = {

/* Begin PBXBuildFile section */
		264A2AFD1A6F355D00D9BB67 /* img_msg.png in Resources */ = {isa = PBXBuildFile; fileRef = 264A2AFC1A6F355D00D9BB67 /* img_msg.png */; };
		264A2B011A6F39C900D9BB67 /* img_bedroom_1.png in Resources */ = {isa = PBXBuildFile; fileRef = 264A2AFE1A6F39C900D9BB67 /* img_bedroom_1.png */; };
		264A2B021A6F39C900D9BB67 /* img_bedroom_2.png in Resources */ = {isa = PBXBuildFile; fileRef = 264A2AFF1A6F39C900D9BB67 /* img_bedroom_2.png */; };
		264A2B031A6F39C900D9BB67 /* img_bedroom_3.png in Resources */ = {isa = PBXBuildFile; fileRef = 264A2B001A6F39C900D9BB67 /* img_bedroom_3.png */; };
		264A2B091A6F3E5C00D9BB67 /* SecondViewController.m in Sources */ = {isa = PBXBuildFile; fileRef = 264A2B081A6F3E5C00D9BB67 /* SecondViewController.m */; };
		26FB9AE01A6E53FF00CED1F0 /* main.m in Sources */ = {isa = PBXBuildFile; fileRef = 26FB9ADF1A6E53FF00CED1F0 /* main.m */; };
		26FB9AE31A6E53FF00CED1F0 /* AppDelegate.m in Sources */ = {isa = PBXBuildFile; fileRef = 26FB9AE21A6E53FF00CED1F0 /* AppDelegate.m */; };
		26FB9AE61A6E53FF00CED1F0 /* ViewController.m in Sources */ = {isa = PBXBuildFile; fileRef = 26FB9AE51A6E53FF00CED1F0 /* ViewController.m */; };
		26FB9AE91A6E53FF00CED1F0 /* Main.storyboard in Resources */ = {isa = PBXBuildFile; fileRef = 26FB9AE71A6E53FF00CED1F0 /* Main.storyboard */; };
		26FB9AEB1A6E53FF00CED1F0 /* Images.xcassets in Resources */ = {isa = PBXBuildFile; fileRef = 26FB9AEA1A6E53FF00CED1F0 /* Images.xcassets */; };
		26FB9AEE1A6E53FF00CED1F0 /* LaunchScreen.xib in Resources */ = {isa = PBXBuildFile; fileRef = 26FB9AEC1A6E53FF00CED1F0 /* LaunchScreen.xib */; };
		26FB9AFA1A6E53FF00CED1F0 /* CustomCellTestTests.m in Sources */ = {isa = PBXBuildFile; fileRef = 26FB9AF91A6E53FF00CED1F0 /* CustomCellTestTests.m */; };
		26FB9B051A6E543700CED1F0 /* CustomTableViewCell.m in Sources */ = {isa = PBXBuildFile; fileRef = 26FB9B041A6E543700CED1F0 /* CustomTableViewCell.m */; };
		26FB9B081A6E56F000CED1F0 /* Collection.m in Sources */ = {isa = PBXBuildFile; fileRef = 26FB9B071A6E56F000CED1F0 /* Collection.m */; };
/* End PBXBuildFile section */

/* Begin PBXContainerItemProxy section */
		26FB9AF41A6E53FF00CED1F0 /* PBXContainerItemProxy */ = {
			isa = PBXContainerItemProxy;
			containerPortal = 26FB9AD21A6E53FF00CED1F0 /* Project object */;
			proxyType = 1;
			remoteGlobalIDString = 26FB9AD91A6E53FF00CED1F0;
			remoteInfo = CustomCellTest;
		};
/* End PBXContainerItemProxy section */

/* Begin PBXFileReference section */
		264A2AFC1A6F355D00D9BB67 /* img_msg.png */ = {isa = PBXFileReference; lastKnownFileType = image.png; path = img_msg.png; sourceTree = "<group>"; };
		264A2AFE1A6F39C900D9BB67 /* img_bedroom_1.png */ = {isa = PBXFileReference; lastKnownFileType = image.png; path = img_bedroom_1.png; sourceTree = "<group>"; };
		264A2AFF1A6F39C900D9BB67 /* img_bedroom_2.png */ = {isa = PBXFileReference; lastKnownFileType = image.png; path = img_bedroom_2.png; sourceTree = "<group>"; };
		264A2B001A6F39C900D9BB67 /* img_bedroom_3.png */ = {isa = PBXFileReference; lastKnownFileType = image.png; path = img_bedroom_3.png; sourceTree = "<group>"; };
		264A2B071A6F3E5C00D9BB67 /* SecondViewController.h */ = {isa = PBXFileReference; fileEncoding = 4; lastKnownFileType = sourcecode.c.h; path = SecondViewController.h; sourceTree = "<group>"; };
		264A2B081A6F3E5C00D9BB67 /* SecondViewController.m */ = {isa = PBXFileReference; fileEncoding = 4; lastKnownFileType = sourcecode.c.objc; path = SecondViewController.m; sourceTree = "<group>"; };
		26FB9ADA1A6E53FF00CED1F0 /* CustomCellTest.app */ = {isa = PBXFileReference; explicitFileType = wrapper.application; includeInIndex = 0; path = CustomCellTest.app; sourceTree = BUILT_PRODUCTS_DIR; };
		26FB9ADE1A6E53FF00CED1F0 /* Info.plist */ = {isa = PBXFileReference; lastKnownFileType = text.plist.xml; path = Info.plist; sourceTree = "<group>"; };
		26FB9ADF1A6E53FF00CED1F0 /* main.m */ = {isa = PBXFileReference; lastKnownFileType = sourcecode.c.objc; path = main.m; sourceTree = "<group>"; };
		26FB9AE11A6E53FF00CED1F0 /* AppDelegate.h */ = {isa = PBXFileReference; lastKnownFileType = sourcecode.c.h; path = AppDelegate.h; sourceTree = "<group>"; };
		26FB9AE21A6E53FF00CED1F0 /* AppDelegate.m */ = {isa = PBXFileReference; lastKnownFileType = sourcecode.c.objc; path = AppDelegate.m; sourceTree = "<group>"; };
		26FB9AE41A6E53FF00CED1F0 /* ViewController.h */ = {isa = PBXFileReference; lastKnownFileType = sourcecode.c.h; path = ViewController.h; sourceTree = "<group>"; };
		26FB9AE51A6E53FF00CED1F0 /* ViewController.m */ = {isa = PBXFileReference; lastKnownFileType = sourcecode.c.objc; path = ViewController.m; sourceTree = "<group>"; };
		26FB9AE81A6E53FF00CED1F0 /* Base */ = {isa = PBXFileReference; lastKnownFileType = file.storyboard; name = Base; path = Base.lproj/Main.storyboard; sourceTree = "<group>"; };
		26FB9AEA1A6E53FF00CED1F0 /* Images.xcassets */ = {isa = PBXFileReference; lastKnownFileType = folder.assetcatalog; path = Images.xcassets; sourceTree = "<group>"; };
		26FB9AED1A6E53FF00CED1F0 /* Base */ = {isa = PBXFileReference; lastKnownFileType = file.xib; name = Base; path = Base.lproj/LaunchScreen.xib; sourceTree = "<group>"; };
		26FB9AF31A6E53FF00CED1F0 /* CustomCellTestTests.xctest */ = {isa = PBXFileReference; explicitFileType = wrapper.cfbundle; includeInIndex = 0; path = CustomCellTestTests.xctest; sourceTree = BUILT_PRODUCTS_DIR; };
		26FB9AF81A6E53FF00CED1F0 /* Info.plist */ = {isa = PBXFileReference; lastKnownFileType = text.plist.xml; path = Info.plist; sourceTree = "<group>"; };
		26FB9AF91A6E53FF00CED1F0 /* CustomCellTestTests.m */ = {isa = PBXFileReference; lastKnownFileType = sourcecode.c.objc; path = CustomCellTestTests.m; sourceTree = "<group>"; };
		26FB9B031A6E543700CED1F0 /* CustomTableViewCell.h */ = {isa = PBXFileReference; fileEncoding = 4; lastKnownFileType = sourcecode.c.h; path = CustomTableViewCell.h; sourceTree = "<group>"; };
		26FB9B041A6E543700CED1F0 /* CustomTableViewCell.m */ = {isa = PBXFileReference; fileEncoding = 4; lastKnownFileType = sourcecode.c.objc; path = CustomTableViewCell.m; sourceTree = "<group>"; };
		26FB9B061A6E56F000CED1F0 /* Collection.h */ = {isa = PBXFileReference; fileEncoding = 4; lastKnownFileType = sourcecode.c.h; path = Collection.h; sourceTree = "<group>"; };
		26FB9B071A6E56F000CED1F0 /* Collection.m */ = {isa = PBXFileReference; fileEncoding = 4; lastKnownFileType = sourcecode.c.objc; path = Collection.m; sourceTree = "<group>"; };
/* End PBXFileReference section */

/* Begin PBXFrameworksBuildPhase section */
		26FB9AD71A6E53FF00CED1F0 /* Frameworks */ = {
			isa = PBXFrameworksBuildPhase;
			buildActionMask = 2147483647;
			files = (
			);
			runOnlyForDeploymentPostprocessing = 0;
		};
		26FB9AF01A6E53FF00CED1F0 /* Frameworks */ = {
			isa = PBXFrameworksBuildPhase;
			buildActionMask = 2147483647;
			files = (
			);
			runOnlyForDeploymentPostprocessing = 0;
		};
/* End PBXFrameworksBuildPhase section */

/* Begin PBXGroup section */
		26FB9AD11A6E53FF00CED1F0 = {
			isa = PBXGroup;
			children = (
				26FB9ADC1A6E53FF00CED1F0 /* CustomCellTest */,
				26FB9AF61A6E53FF00CED1F0 /* CustomCellTestTests */,
				26FB9ADB1A6E53FF00CED1F0 /* Products */,
			);
			sourceTree = "<group>";
		};
		26FB9ADB1A6E53FF00CED1F0 /* Products */ = {
			isa = PBXGroup;
			children = (
				26FB9ADA1A6E53FF00CED1F0 /* CustomCellTest.app */,
				26FB9AF31A6E53FF00CED1F0 /* CustomCellTestTests.xctest */,
			);
			name = Products;
			sourceTree = "<group>";
		};
		26FB9ADC1A6E53FF00CED1F0 /* CustomCellTest */ = {
			isa = PBXGroup;
			children = (
				26FB9AE11A6E53FF00CED1F0 /* AppDelegate.h */,
				26FB9AE21A6E53FF00CED1F0 /* AppDelegate.m */,
				26FB9AE41A6E53FF00CED1F0 /* ViewController.h */,
				26FB9AE51A6E53FF00CED1F0 /* ViewController.m */,
				26FB9AE71A6E53FF00CED1F0 /* Main.storyboard */,
				26FB9AEA1A6E53FF00CED1F0 /* Images.xcassets */,
				26FB9AEC1A6E53FF00CED1F0 /* LaunchScreen.xib */,
				26FB9ADD1A6E53FF00CED1F0 /* Supporting Files */,
				26FB9B031A6E543700CED1F0 /* CustomTableViewCell.h */,
				26FB9B041A6E543700CED1F0 /* CustomTableViewCell.m */,
				26FB9B061A6E56F000CED1F0 /* Collection.h */,
				26FB9B071A6E56F000CED1F0 /* Collection.m */,
				264A2B071A6F3E5C00D9BB67 /* SecondViewController.h */,
				264A2B081A6F3E5C00D9BB67 /* SecondViewController.m */,
			);
			path = CustomCellTest;
			sourceTree = "<group>";
		};
		26FB9ADD1A6E53FF00CED1F0 /* Supporting Files */ = {
			isa = PBXGroup;
			children = (
				264A2AFE1A6F39C900D9BB67 /* img_bedroom_1.png */,
				264A2AFF1A6F39C900D9BB67 /* img_bedroom_2.png */,
				264A2B001A6F39C900D9BB67 /* img_bedroom_3.png */,
				264A2AFC1A6F355D00D9BB67 /* img_msg.png */,
				26FB9ADE1A6E53FF00CED1F0 /* Info.plist */,
				26FB9ADF1A6E53FF00CED1F0 /* main.m */,
			);
			name = "Supporting Files";
			sourceTree = "<group>";
		};
		26FB9AF61A6E53FF00CED1F0 /* CustomCellTestTests */ = {
			isa = PBXGroup;
			children = (
				26FB9AF91A6E53FF00CED1F0 /* CustomCellTestTests.m */,
				26FB9AF71A6E53FF00CED1F0 /* Supporting Files */,
			);
			path = CustomCellTestTests;
			sourceTree = "<group>";
		};
		26FB9AF71A6E53FF00CED1F0 /* Supporting Files */ = {
			isa = PBXGroup;
			children = (
				26FB9AF81A6E53FF00CED1F0 /* Info.plist */,
			);
			name = "Supporting Files";
			sourceTree = "<group>";
		};
/* End PBXGroup section */

/* Begin PBXNativeTarget section */
		26FB9AD91A6E53FF00CED1F0 /* CustomCellTest */ = {
			isa = PBXNativeTarget;
			buildConfigurationList = 26FB9AFD1A6E53FF00CED1F0 /* Build configuration list for PBXNativeTarget "CustomCellTest" */;
			buildPhases = (
				26FB9AD61A6E53FF00CED1F0 /* Sources */,
				26FB9AD71A6E53FF00CED1F0 /* Frameworks */,
				26FB9AD81A6E53FF00CED1F0 /* Resources */,
			);
			buildRules = (
			);
			dependencies = (
			);
			name = CustomCellTest;
			productName = CustomCellTest;
			productReference = 26FB9ADA1A6E53FF00CED1F0 /* CustomCellTest.app */;
			productType = "com.apple.product-type.application";
		};
		26FB9AF21A6E53FF00CED1F0 /* CustomCellTestTests */ = {
			isa = PBXNativeTarget;
			buildConfigurationList = 26FB9B001A6E53FF00CED1F0 /* Build configuration list for PBXNativeTarget "CustomCellTestTests" */;
			buildPhases = (
				26FB9AEF1A6E53FF00CED1F0 /* Sources */,
				26FB9AF01A6E53FF00CED1F0 /* Frameworks */,
				26FB9AF11A6E53FF00CED1F0 /* Resources */,
			);
			buildRules = (
			);
			dependencies = (
				26FB9AF51A6E53FF00CED1F0 /* PBXTargetDependency */,
			);
			name = CustomCellTestTests;
			productName = CustomCellTestTests;
			productReference = 26FB9AF31A6E53FF00CED1F0 /* CustomCellTestTests.xctest */;
			productType = "com.apple.product-type.bundle.unit-test";
		};
/* End PBXNativeTarget section */

/* Begin PBXProject section */
		26FB9AD21A6E53FF00CED1F0 /* Project object */ = {
			isa = PBXProject;
			attributes = {
				LastUpgradeCheck = 0610;
				ORGANIZATIONNAME = "sven@abovelink";
				TargetAttributes = {
					26FB9AD91A6E53FF00CED1F0 = {
						CreatedOnToolsVersion = 6.1.1;
					};
					26FB9AF21A6E53FF00CED1F0 = {
						CreatedOnToolsVersion = 6.1.1;
						TestTargetID = 26FB9AD91A6E53FF00CED1F0;
					};
				};
			};
			buildConfigurationList = 26FB9AD51A6E53FF00CED1F0 /* Build configuration list for PBXProject "CustomCellTest" */;
			compatibilityVersion = "Xcode 3.2";
			developmentRegion = English;
			hasScannedForEncodings = 0;
			knownRegions = (
				en,
				Base,
			);
			mainGroup = 26FB9AD11A6E53FF00CED1F0;
			productRefGroup = 26FB9ADB1A6E53FF00CED1F0 /* Products */;
			projectDirPath = "";
			projectRoot = "";
			targets = (
				26FB9AD91A6E53FF00CED1F0 /* CustomCellTest */,
				26FB9AF21A6E53FF00CED1F0 /* CustomCellTestTests */,
			);
		};
/* End PBXProject section */

/* Begin PBXResourcesBuildPhase section */
		26FB9AD81A6E53FF00CED1F0 /* Resources */ = {
			isa = PBXResourcesBuildPhase;
			buildActionMask = 2147483647;
			files = (
				264A2B021A6F39C900D9BB67 /* img_bedroom_2.png in Resources */,
				264A2B011A6F39C900D9BB67 /* img_bedroom_1.png in Resources */,
				264A2AFD1A6F355D00D9BB67 /* img_msg.png in Resources */,
				26FB9AE91A6E53FF00CED1F0 /* Main.storyboard in Resources */,
				26FB9AEE1A6E53FF00CED1F0 /* LaunchScreen.xib in Resources */,
				264A2B031A6F39C900D9BB67 /* img_bedroom_3.png in Resources */,
				26FB9AEB1A6E53FF00CED1F0 /* Images.xcassets in Resources */,
			);
			runOnlyForDeploymentPostprocessing = 0;
		};
		26FB9AF11A6E53FF00CED1F0 /* Resources */ = {
			isa = PBXResourcesBuildPhase;
			buildActionMask = 2147483647;
			files = (
			);
			runOnlyForDeploymentPostprocessing = 0;
		};
/* End PBXResourcesBuildPhase section */

/* Begin PBXSourcesBuildPhase section */
		26FB9AD61A6E53FF00CED1F0 /* Sources */ = {
			isa = PBXSourcesBuildPhase;
			buildActionMask = 2147483647;
			files = (
				264A2B091A6F3E5C00D9BB67 /* SecondViewController.m in Sources */,
				26FB9AE61A6E53FF00CED1F0 /* ViewController.m in Sources */,
				26FB9B081A6E56F000CED1F0 /* Collection.m in Sources */,
				26FB9AE31A6E53FF00CED1F0 /* AppDelegate.m in Sources */,
				26FB9B051A6E543700CED1F0 /* CustomTableViewCell.m in Sources */,
				26FB9AE01A6E53FF00CED1F0 /* main.m in Sources */,
			);
			runOnlyForDeploymentPostprocessing = 0;
		};
		26FB9AEF1A6E53FF00CED1F0 /* Sources */ = {
			isa = PBXSourcesBuildPhase;
			buildActionMask = 2147483647;
			files = (
				26FB9AFA1A6E53FF00CED1F0 /* CustomCellTestTests.m in Sources */,
			);
			runOnlyForDeploymentPostprocessing = 0;
		};
/* End PBXSourcesBuildPhase section */

/* Begin PBXTargetDependency section */
		26FB9AF51A6E53FF00CED1F0 /* PBXTargetDependency */ = {
			isa = PBXTargetDependency;
			target = 26FB9AD91A6E53FF00CED1F0 /* CustomCellTest */;
			targetProxy = 26FB9AF41A6E53FF00CED1F0 /* PBXContainerItemProxy */;
		};
/* End PBXTargetDependency section */

/* Begin PBXVariantGroup section */
		26FB9AE71A6E53FF00CED1F0 /* Main.storyboard */ = {
			isa = PBXVariantGroup;
			children = (
				26FB9AE81A6E53FF00CED1F0 /* Base */,
			);
			name = Main.storyboard;
			sourceTree = "<group>";
		};
		26FB9AEC1A6E53FF00CED1F0 /* LaunchScreen.xib */ = {
			isa = PBXVariantGroup;
			children = (
				26FB9AED1A6E53FF00CED1F0 /* Base */,
			);
			name = LaunchScreen.xib;
			sourceTree = "<group>";
		};
/* End PBXVariantGroup section */

/* Begin XCBuildConfiguration section */
		26FB9AFB1A6E53FF00CED1F0 /* Debug */ = {
			isa = XCBuildConfiguration;
			buildSettings = {
				ALWAYS_SEARCH_USER_PATHS = NO;
				CLANG_CXX_LANGUAGE_STANDARD = "gnu++0x";
				CLANG_CXX_LIBRARY = "libc++";
				CLANG_ENABLE_MODULES = YES;
				CLANG_ENABLE_OBJC_ARC = YES;
				CLANG_WARN_BOOL_CONVERSION = YES;
				CLANG_WARN_CONSTANT_CONVERSION = YES;
				CLANG_WARN_DIRECT_OBJC_ISA_USAGE = YES_ERROR;
				CLANG_WARN_EMPTY_BODY = YES;
				CLANG_WARN_ENUM_CONVERSION = YES;
				CLANG_WARN_INT_CONVERSION = YES;
				CLANG_WARN_OBJC_ROOT_CLASS = YES_ERROR;
				CLANG_WARN_UNREACHABLE_CODE = YES;
				CLANG_WARN__DUPLICATE_METHOD_MATCH = YES;
				"CODE_SIGN_IDENTITY[sdk=iphoneos*]" = "iPhone Developer";
				COPY_PHASE_STRIP = NO;
				ENABLE_STRICT_OBJC_MSGSEND = YES;
				GCC_C_LANGUAGE_STANDARD = gnu99;
				GCC_DYNAMIC_NO_PIC = NO;
				GCC_OPTIMIZATION_LEVEL = 0;
				GCC_PREPROCESSOR_DEFINITIONS = (
					"DEBUG=1",
					"$(inherited)",
				);
				GCC_SYMBOLS_PRIVATE_EXTERN = NO;
				GCC_WARN_64_TO_32_BIT_CONVERSION = YES;
				GCC_WARN_ABOUT_RETURN_TYPE = YES_ERROR;
				GCC_WARN_UNDECLARED_SELECTOR = YES;
				GCC_WARN_UNINITIALIZED_AUTOS = YES_AGGRESSIVE;
				GCC_WARN_UNUSED_FUNCTION = YES;
				GCC_WARN_UNUSED_VARIABLE = YES;
				IPHONEOS_DEPLOYMENT_TARGET = 8.1;
				MTL_ENABLE_DEBUG_INFO = YES;
				ONLY_ACTIVE_ARCH = YES;
				SDKROOT = iphoneos;
			};
			name = Debug;
		};
		26FB9AFC1A6E53FF00CED1F0 /* Release */ = {
			isa = XCBuildConfiguration;
			buildSettings = {
				ALWAYS_SEARCH_USER_PATHS = NO;
				CLANG_CXX_LANGUAGE_STANDARD = "gnu++0x";
				CLANG_CXX_LIBRARY = "libc++";
				CLANG_ENABLE_MODULES = YES;
				CLANG_ENABLE_OBJC_ARC = YES;
				CLANG_WARN_BOOL_CONVERSION = YES;
				CLANG_WARN_CONSTANT_CONVERSION = YES;
				CLANG_WARN_DIRECT_OBJC_ISA_USAGE = YES_ERROR;
				CLANG_WARN_EMPTY_BODY = YES;
				CLANG_WARN_ENUM_CONVERSION = YES;
				CLANG_WARN_INT_CONVERSION = YES;
				CLANG_WARN_OBJC_ROOT_CLASS = YES_ERROR;
				CLANG_WARN_UNREACHABLE_CODE = YES;
				CLANG_WARN__DUPLICATE_METHOD_MATCH = YES;
				"CODE_SIGN_IDENTITY[sdk=iphoneos*]" = "iPhone Developer";
				COPY_PHASE_STRIP = YES;
				ENABLE_NS_ASSERTIONS = NO;
				ENABLE_STRICT_OBJC_MSGSEND = YES;
				GCC_C_LANGUAGE_STANDARD = gnu99;
				GCC_WARN_64_TO_32_BIT_CONVERSION = YES;
				GCC_WARN_ABOUT_RETURN_TYPE = YES_ERROR;
				GCC_WARN_UNDECLARED_SELECTOR = YES;
				GCC_WARN_UNINITIALIZED_AUTOS = YES_AGGRESSIVE;
				GCC_WARN_UNUSED_FUNCTION = YES;
				GCC_WARN_UNUSED_VARIABLE = YES;
				IPHONEOS_DEPLOYMENT_TARGET = 8.1;
				MTL_ENABLE_DEBUG_INFO = NO;
				SDKROOT = iphoneos;
				VALIDATE_PRODUCT = YES;
			};
			name = Release;
		};
		26FB9AFE1A6E53FF00CED1F0 /* Debug */ = {
			isa = XCBuildConfiguration;
			buildSettings = {
				ASSETCATALOG_COMPILER_APPICON_NAME = AppIcon;
				INFOPLIST_FILE = CustomCellTest/Info.plist;
				LD_RUNPATH_SEARCH_PATHS = "$(inherited) @executable_path/Frameworks";
				PRODUCT_NAME = "$(TARGET_NAME)";
			};
			name = Debug;
		};
		26FB9AFF1A6E53FF00CED1F0 /* Release */ = {
			isa = XCBuildConfiguration;
			buildSettings = {
				ASSETCATALOG_COMPILER_APPICON_NAME = AppIcon;
				INFOPLIST_FILE = CustomCellTest/Info.plist;
				LD_RUNPATH_SEARCH_PATHS = "$(inherited) @executable_path/Frameworks";
				PRODUCT_NAME = "$(TARGET_NAME)";
			};
			name = Release;
		};
		26FB9B011A6E53FF00CED1F0 /* Debug */ = {
			isa = XCBuildConfiguration;
			buildSettings = {
				BUNDLE_LOADER = "$(TEST_HOST)";
				FRAMEWORK_SEARCH_PATHS = (
					"$(SDKROOT)/Developer/Library/Frameworks",
					"$(inherited)",
				);
				GCC_PREPROCESSOR_DEFINITIONS = (
					"DEBUG=1",
					"$(inherited)",
				);
				INFOPLIST_FILE = CustomCellTestTests/Info.plist;
				LD_RUNPATH_SEARCH_PATHS = "$(inherited) @executable_path/Frameworks @loader_path/Frameworks";
				PRODUCT_NAME = "$(TARGET_NAME)";
				TEST_HOST = "$(BUILT_PRODUCTS_DIR)/CustomCellTest.app/CustomCellTest";
			};
			name = Debug;
		};
		26FB9B021A6E53FF00CED1F0 /* Release */ = {
			isa = XCBuildConfiguration;
			buildSettings = {
				BUNDLE_LOADER = "$(TEST_HOST)";
				FRAMEWORK_SEARCH_PATHS = (
					"$(SDKROOT)/Developer/Library/Frameworks",
					"$(inherited)",
				);
				INFOPLIST_FILE = CustomCellTestTests/Info.plist;
				LD_RUNPATH_SEARCH_PATHS = "$(inherited) @executable_path/Frameworks @loader_path/Frameworks";
				PRODUCT_NAME = "$(TARGET_NAME)";
				TEST_HOST = "$(BUILT_PRODUCTS_DIR)/CustomCellTest.app/CustomCellTest";
			};
			name = Release;
		};
/* End XCBuildConfiguration section */

/* Begin XCConfigurationList section */
		26FB9AD51A6E53FF00CED1F0 /* Build configuration list for PBXProject "CustomCellTest" */ = {
			isa = XCConfigurationList;
			buildConfigurations = (
				26FB9AFB1A6E53FF00CED1F0 /* Debug */,
				26FB9AFC1A6E53FF00CED1F0 /* Release */,
			);
			defaultConfigurationIsVisible = 0;
			defaultConfigurationName = Release;
		};
		26FB9AFD1A6E53FF00CED1F0 /* Build configuration list for PBXNativeTarget "CustomCellTest" */ = {
			isa = XCConfigurationList;
			buildConfigurations = (
				26FB9AFE1A6E53FF00CED1F0 /* Debug */,
				26FB9AFF1A6E53FF00CED1F0 /* Release */,
			);
			defaultConfigurationIsVisible = 0;
			defaultConfigurationName = Release;
		};
		26FB9B001A6E53FF00CED1F0 /* Build configuration list for PBXNativeTarget "CustomCellTestTests" */ = {
			isa = XCConfigurationList;
			buildConfigurations = (
				26FB9B011A6E53FF00CED1F0 /* Debug */,
				26FB9B021A6E53FF00CED1F0 /* Release */,
			);
			defaultConfigurationIsVisible = 0;
			defaultConfigurationName = Release;
		};
/* End XCConfigurationList section */
	};
	rootObject = 26FB9AD21A6E53FF00CED1F0 /* Project object */;
}
